PODS:
  - AppAuth (1.7.6):
    - AppAuth/Core (= 1.7.6)
    - AppAuth/ExternalUserAgent (= 1.7.6)
  - AppAuth/Core (1.7.6)
  - AppAuth/ExternalUserAgent (1.7.6):
    - AppAuth/Core
  - FBAEMKit (17.4.0):
    - FBSDKCoreKit_Basics (= 17.4.0)
  - FBSDKCoreKit (17.4.0):
    - FBAEMKit (= 17.4.0)
    - FBSDKCoreKit_Basics (= 17.4.0)
  - FBSDKCoreKit_Basics (17.4.0)
  - FBSDKLoginKit (17.4.0):
    - FBSDKCoreKit (= 17.4.0)
  - FBSDKShareKit (17.4.0):
    - FBSDKCoreKit (= 17.4.0)
  - Flutter (1.0.0)
  - geocoding_ios (1.0.5):
    - Flutter
  - geolocator_apple (1.2.0):
    - Flutter
  - google_sign_in_ios (0.0.1):
    - Flutter
    - GoogleSignIn (~> 7.0)
  - GoogleSignIn (7.1.0):
    - AppAuth (< 2.0, >= 1.7.3)
    - GTMAppAuth (< 5.0, >= 4.1.1)
    - GTMSessionFetcher/Core (~> 3.3)
  - GTMAppAuth (4.1.1):
    - AppAuth/Core (~> 1.7)
    - GTMSessionFetcher/Core (< 4.0, >= 3.3)
  - GTMSessionFetcher/Core (3.5.0)
  - image_picker_ios (0.0.1):
    - Flutter
  - in_app_purchase_storekit (0.0.1):
    - Flutter
    - FlutterMacOS
  - path_provider_foundation (0.0.1):
    - Flutter
    - FlutterMacOS
  - permission_handler_apple (9.1.1):
    - Flutter
  - share_plus (0.0.1):
    - Flutter
  - shared_preferences_foundation (0.0.1):
    - Flutter
    - FlutterMacOS
  - sign_in_with_apple (0.0.1):
    - Flutter
  - url_launcher_ios (0.0.1):
    - Flutter
  - webview_flutter_wkwebview (0.0.1):
    - Flutter

DEPENDENCIES:
  - FBSDKCoreKit (~> 17.0)
  - FBSDKLoginKit (~> 17.0)
  - FBSDKShareKit (~> 17.0)
  - Flutter (from `Flutter`)
  - geocoding_ios (from `.symlinks/plugins/geocoding_ios/ios`)
  - geolocator_apple (from `.symlinks/plugins/geolocator_apple/ios`)
  - google_sign_in_ios (from `.symlinks/plugins/google_sign_in_ios/ios`)
  - image_picker_ios (from `.symlinks/plugins/image_picker_ios/ios`)
  - in_app_purchase_storekit (from `.symlinks/plugins/in_app_purchase_storekit/darwin`)
  - path_provider_foundation (from `.symlinks/plugins/path_provider_foundation/darwin`)
  - permission_handler_apple (from `.symlinks/plugins/permission_handler_apple/ios`)
  - share_plus (from `.symlinks/plugins/share_plus/ios`)
  - shared_preferences_foundation (from `.symlinks/plugins/shared_preferences_foundation/darwin`)
  - sign_in_with_apple (from `.symlinks/plugins/sign_in_with_apple/ios`)
  - url_launcher_ios (from `.symlinks/plugins/url_launcher_ios/ios`)
  - webview_flutter_wkwebview (from `.symlinks/plugins/webview_flutter_wkwebview/ios`)

SPEC REPOS:
  trunk:
    - AppAuth
    - FBAEMKit
    - FBSDKCoreKit
    - FBSDKCoreKit_Basics
    - FBSDKLoginKit
    - FBSDKShareKit
    - GoogleSignIn
    - GTMAppAuth
    - GTMSessionFetcher

EXTERNAL SOURCES:
  Flutter:
    :path: Flutter
  geocoding_ios:
    :path: ".symlinks/plugins/geocoding_ios/ios"
  geolocator_apple:
    :path: ".symlinks/plugins/geolocator_apple/ios"
  google_sign_in_ios:
    :path: ".symlinks/plugins/google_sign_in_ios/ios"
  image_picker_ios:
    :path: ".symlinks/plugins/image_picker_ios/ios"
  in_app_purchase_storekit:
    :path: ".symlinks/plugins/in_app_purchase_storekit/darwin"
  path_provider_foundation:
    :path: ".symlinks/plugins/path_provider_foundation/darwin"
  permission_handler_apple:
    :path: ".symlinks/plugins/permission_handler_apple/ios"
  share_plus:
    :path: ".symlinks/plugins/share_plus/ios"
  shared_preferences_foundation:
    :path: ".symlinks/plugins/shared_preferences_foundation/darwin"
  sign_in_with_apple:
    :path: ".symlinks/plugins/sign_in_with_apple/ios"
  url_launcher_ios:
    :path: ".symlinks/plugins/url_launcher_ios/ios"
  webview_flutter_wkwebview:
    :path: ".symlinks/plugins/webview_flutter_wkwebview/ios"

SPEC CHECKSUMS:
  AppAuth: d4f13a8fe0baf391b2108511793e4b479691fb73
  FBAEMKit: 58cb5f302cdd715a56d4c1d0dfdd2e423ac1421a
  FBSDKCoreKit: 94d7461d0cecf441b1ba7c41acfff41daa8ccd41
  FBSDKCoreKit_Basics: 151b43db8b834d3f0e02f95d36a44ffd36265e45
  FBSDKLoginKit: 5c1cd53c91a2282b3a4fe6e6d3dcf2b8b0d33d55
  FBSDKShareKit: 00546a02dce72f37a4209cd68aaf5fb749185c3b
  Flutter: f04841e97a9d0b0a8025694d0796dd46242b2854
  geocoding_ios: d7460f56e80e118d57678efe5c2cdc888739ff18
  geolocator_apple: 9bcea1918ff7f0062d98345d238ae12718acfbc1
  google_sign_in_ios: 8115e3fbe097e6509beb819ed602d47369d9011f
  GoogleSignIn: d4281ab6cf21542b1cfaff85c191f230b399d2db
  GTMAppAuth: f69bd07d68cd3b766125f7e072c45d7340dea0de
  GTMSessionFetcher: 5aea5ba6bd522a239e236100971f10cb71b96ab6
  image_picker_ios: 99dfe1854b4fa34d0364e74a78448a0151025425
  in_app_purchase_storekit: 9e9931234f0adcf71ae323f8c83785b96030edf1
  path_provider_foundation: 3784922295ac71e43754bd15e0653ccfd36a147c
  permission_handler_apple: e76247795d700c14ea09e3a2d8855d41ee80a2e6
  share_plus: c3fef564749587fc939ef86ffb283ceac0baf9f5
  shared_preferences_foundation: b4c3b4cddf1c21f02770737f147a3f5da9d39695
  sign_in_with_apple: f3bf75217ea4c2c8b91823f225d70230119b8440
  url_launcher_ios: bbd758c6e7f9fd7b5b1d4cde34d2b95fcce5e812
  webview_flutter_wkwebview: 4f3e50f7273d31e5500066ed267e3ae4309c5ae4

PODFILE CHECKSUM: 8ee36e5a62ef854322bf66e68132ba89f1924aaf

COCOAPODS: 1.16.2
